{
    "_meta": {
        "hash": {
            "sha256": "3d41beae7fea2c730b5e910e4aed761dd7fc2eea5b297bef7831d3887f92cfa2"
        },
        "pipfile-spec": 6,
        "requires": {
            "python_version": "3.7"
        },
        "sources": [
            {
                "name": "pypi",
                "url": "https://pypi.org/simple",
                "verify_ssl": true
            }
        ]
    },
    "default": {},
    "develop": {
        "appnope": {
            "hashes": [
                "sha256:5b26757dc6f79a3b7dc9fab95359328d5747fcb2409d331ea66d0272b90ab2a0",
                "sha256:8b995ffe925347a2138d7ac0fe77155e4311a0ea6d6da4f5128fe4b3cbe5ed71"
            ],
            "markers": "sys_platform == 'darwin'",
            "version": "==0.1.0"
        },
        "backcall": {
            "hashes": [
                "sha256:38ecd85be2c1e78f77fd91700c76e14667dc21e2713b63876c0eb901196e01e4",
                "sha256:bbbf4b1e5cd2bdb08f915895b51081c041bac22394fdfcfdfbe9f14b77c08bf2"
            ],
            "version": "==0.1.0"
        },
        "bleach": {
            "hashes": [
                "sha256:213336e49e102af26d9cde77dd2d0397afabc5a6bf2fed985dc35b5d1e285a16",
                "sha256:3fdf7f77adcf649c9911387df51254b813185e32b2c6619f690b593a617e19fa"
            ],
            "version": "==3.1.0"
        },
        "certifi": {
            "hashes": [
                "sha256:59b7658e26ca9c7339e00f8f4636cdfe59d34fa37b9b04f6f9e9926b3cece1a5",
                "sha256:b26104d6835d1f5e49452a26eb2ff87fe7090b89dfcaee5ea2212697e1e1d7ae"
            ],
            "version": "==2019.3.9"
        },
        "chardet": {
            "hashes": [
                "sha256:84ab92ed1c4d4f16916e05906b6b75a6c0fb5db821cc65e70cbd64a3e2a5eaae",
                "sha256:fc323ffcaeaed0e0a02bf4d117757b98aed530d9ed4531e3e15460124c106691"
            ],
            "version": "==3.0.4"
        },
        "cython": {
            "hashes": [
                "sha256:050b082accb95c0a3a6a9dd1ec6fb0bea5321f5b894c8fd0dc6c3abebb68822b",
                "sha256:22e2b55baaa2c7d5aee0376fd1cca39a6036598b9423d8ecd44c514fde1952c3",
                "sha256:2be438190b1acce073f3aa4220fdbefb7fc910204dc0a82ef725802195e58dfb",
                "sha256:2da461af4845cf858f6ef366e74093917cce731f70e95e03b24e9c8e66d62e6d",
                "sha256:46e9d20bd1a7431ac58f95d0b8e5ec14d33363b49bfa1a6245621037fb5bbd49",
                "sha256:50a735fccd946217d1dd06a06ac16a582a1a1169c16588e234284b12d7d08d3f",
                "sha256:63ddf6ea98dff4dc1d3567412015dbc21dbb728323b2f93ba7bc5994db28bbe2",
                "sha256:6976bc08d6a6d1ea53564df6d9ab0bf1fa3e073556e2520931dffa5c3d68b5c3",
                "sha256:6c5d33f1b5c864382fbce810a8fd9e015447869ae42e98e6301e977b8165e7ae",
                "sha256:6db2fa279e235a9feef96833eb34be2a807add214a253e5e92e99b4b0e6659c2",
                "sha256:71e44d9a85dbba538e5c2d0eb8b09b2233b0938010345d5e5bae428b429e6c47",
                "sha256:750d9bb4aad23ddd61061d7a4e271bb39df1886c90861faf0b21c9219fd1c2c3",
                "sha256:7a262e2e2807e05cacef76c1333bb5b5f46d882d1a6eca1a38c65a0c29df2a64",
                "sha256:7f65d40728c6170f7f5a8a9329ba65568069b08581d899c44efb80c7d751524a",
                "sha256:8002f39d504120ff0125783dd00464806c6d77519c63f7899c1781d68d7a7887",
                "sha256:8cdf96a9ae2201a6423252dfe7a0d7121fdd451f9c81abd276d7112ad563f9fb",
                "sha256:a3ea96c1fb1f80b3216f6300067dba85a6c03e4070ef8c4a1a150618d358c265",
                "sha256:a8689c538ac7c3162df90f2b141aa9a210798485b8f6f72a31dedab60d3d06f7",
                "sha256:aee85f89c22d3d88e958050834c9d16ec6ce9c9b1ce6042ae6e7a2125c2dc3a9",
                "sha256:b05ad60e8b8750d3ce254ca3bd45bc222b8c9b7671affbda9bec36a36a24a484",
                "sha256:b1ef8bd48a3ff6743c2facb09b666ffa78414cc12f971a21b6f977ffd1968d26",
                "sha256:b890e55e7557d1a8a4e4defe082fdbabf241ac4a0fb38608e6ae50644dcc7d76",
                "sha256:bddf0db28eca8e650ec120e9d8724646b811c517eae9aa688253abc757547881",
                "sha256:be43609c12c85d2e3fefa4c0f7b6197431fdf7ea804e11a419709dc7df46d9ea",
                "sha256:be69dc0c85cfc78e808fb22753ab2a99bdbd124702b21141a77da50f2fdae00e",
                "sha256:d404cfa5e8595e8c0f81ff19d06a0dcfefcd9a3c8e2bf973985a6cc48731879b",
                "sha256:df0696840e4da454475b83bbe0f8f4f8d90b75e68bfff7bfbe5b97cecc50a1df",
                "sha256:f7cb71cafe05980404704045110f45c09143ed41dabadb91061c063dd543b924"
            ],
            "index": "pypi",
            "version": "==0.29.6"
        },
        "decorator": {
            "hashes": [
                "sha256:86156361c50488b84a3f148056ea716ca587df2f0de1d34750d35c21312725de",
                "sha256:f069f3a01830ca754ba5258fde2278454a0b5b79e0d7f5c13b3b97e57d4acff6"
            ],
            "version": "==4.4.0"
        },
        "docutils": {
            "hashes": [
                "sha256:02aec4bd92ab067f6ff27a38a38a41173bf01bed8f89157768c1573f53e474a6",
                "sha256:51e64ef2ebfb29cae1faa133b3710143496eca21c530f3f71424d77687764274",
                "sha256:7a4bd47eaf6596e1295ecb11361139febe29b084a87bf005bf899f9a42edc3c6"
            ],
            "version": "==0.14"
        },
        "fastdtw": {
            "editable": true,
            "path": "."
        },
        "idna": {
            "hashes": [
                "sha256:c357b3f628cf53ae2c4c05627ecc484553142ca23264e593d327bcde5e9c3407",
                "sha256:ea8b7f6188e6fa117537c3df7da9fc686d485087abf6ac197f9c46432f7e4a3c"
            ],
            "version": "==2.8"
        },
        "ipython": {
            "hashes": [
                "sha256:b038baa489c38f6d853a3cfc4c635b0cda66f2864d136fe8f40c1a6e334e2a6b",
                "sha256:f5102c1cd67e399ec8ea66bcebe6e3968ea25a8977e53f012963e5affeb1fe38"
            ],
            "index": "pypi",
            "version": "==7.4.0"
        },
        "ipython-genutils": {
            "hashes": [
                "sha256:72dd37233799e619666c9f639a9da83c34013a73e8bbc79a7a6348d93c61fab8",
                "sha256:eb2e116e75ecef9d4d228fdc66af54269afa26ab4463042e33785b887c628ba8"
            ],
            "version": "==0.2.0"
        },
        "jedi": {
            "hashes": [
                "sha256:2bb0603e3506f708e792c7f4ad8fc2a7a9d9c2d292a358fbbd58da531695595b",
                "sha256:2c6bcd9545c7d6440951b12b44d373479bf18123a401a52025cf98563fbd826c"
            ],
            "version": "==0.13.3"
        },
        "numpy": {
            "hashes": [
                "sha256:1980f8d84548d74921685f68096911585fee393975f53797614b34d4f409b6da",
                "sha256:22752cd809272671b273bb86df0f505f505a12368a3a5fc0aa811c7ece4dfd5c",
                "sha256:23cc40313036cffd5d1873ef3ce2e949bdee0646c5d6f375bf7ee4f368db2511",
                "sha256:2b0b118ff547fecabc247a2668f48f48b3b1f7d63676ebc5be7352a5fd9e85a5",
                "sha256:3a0bd1edf64f6a911427b608a894111f9fcdb25284f724016f34a84c9a3a6ea9",
                "sha256:3f25f6c7b0d000017e5ac55977a3999b0b1a74491eacb3c1aa716f0e01f6dcd1",
                "sha256:4061c79ac2230594a7419151028e808239450e676c39e58302ad296232e3c2e8",
                "sha256:560ceaa24f971ab37dede7ba030fc5d8fa173305d94365f814d9523ffd5d5916",
                "sha256:62be044cd58da2a947b7e7b2252a10b42920df9520fc3d39f5c4c70d5460b8ba",
                "sha256:6c692e3879dde0b67a9dc78f9bfb6f61c666b4562fd8619632d7043fb5b691b0",
                "sha256:6f65e37b5a331df950ef6ff03bd4136b3c0bbcf44d4b8e99135d68a537711b5a",
                "sha256:7a78cc4ddb253a55971115f8320a7ce28fd23a065fc33166d601f51760eecfa9",
                "sha256:80a41edf64a3626e729a62df7dd278474fc1726836552b67a8c6396fd7e86760",
                "sha256:893f4d75255f25a7b8516feb5766c6b63c54780323b9bd4bc51cdd7efc943c73",
                "sha256:972ea92f9c1b54cc1c1a3d8508e326c0114aaf0f34996772a30f3f52b73b942f",
                "sha256:9f1d4865436f794accdabadc57a8395bd3faa755449b4f65b88b7df65ae05f89",
                "sha256:9f4cd7832b35e736b739be03b55875706c8c3e5fe334a06210f1a61e5c2c8ca5",
                "sha256:adab43bf657488300d3aeeb8030d7f024fcc86e3a9b8848741ea2ea903e56610",
                "sha256:bd2834d496ba9b1bdda3a6cf3de4dc0d4a0e7be306335940402ec95132ad063d",
                "sha256:d20c0360940f30003a23c0adae2fe50a0a04f3e48dc05c298493b51fd6280197",
                "sha256:d3b3ed87061d2314ff3659bb73896e622252da52558f2380f12c421fbdee3d89",
                "sha256:dc235bf29a406dfda5790d01b998a1c01d7d37f449128c0b1b7d1c89a84fae8b",
                "sha256:fb3c83554f39f48f3fa3123b9c24aecf681b1c289f9334f8215c1d3c8e2f6e5b"
            ],
            "version": "==1.16.2"
        },
        "parso": {
            "hashes": [
                "sha256:17cc2d7a945eb42c3569d4564cdf49bde221bc2b552af3eca9c1aad517dcdd33",
                "sha256:2e9574cb12e7112a87253e14e2c380ce312060269d04bd018478a3c92ea9a376"
            ],
            "version": "==0.4.0"
        },
        "pexpect": {
            "hashes": [
                "sha256:2a8e88259839571d1251d278476f3eec5db26deb73a70be5ed5dc5435e418aba",
                "sha256:3fbd41d4caf27fa4a377bfd16fef87271099463e6fa73e92a52f92dfee5d425b"
            ],
            "markers": "sys_platform != 'win32'",
            "version": "==4.6.0"
        },
        "pickleshare": {
            "hashes": [
                "sha256:87683d47965c1da65cdacaf31c8441d12b8044cdec9aca500cd78fc2c683afca",
                "sha256:9649af414d74d4df115d5d718f82acb59c9d418196b7b4290ed47a12ce62df56"
            ],
            "version": "==0.7.5"
        },
        "pkginfo": {
            "hashes": [
                "sha256:7424f2c8511c186cd5424bbf31045b77435b37a8d604990b79d4e70d741148bb",
                "sha256:a6d9e40ca61ad3ebd0b72fbadd4fba16e4c0e4df0428c041e01e06eb6ee71f32"
            ],
            "version": "==1.5.0.1"
        },
        "prompt-toolkit": {
            "hashes": [
                "sha256:11adf3389a996a6d45cc277580d0d53e8a5afd281d0c9ec71b28e6f121463780",
                "sha256:2519ad1d8038fd5fc8e770362237ad0364d16a7650fb5724af6997ed5515e3c1",
                "sha256:977c6583ae813a37dc1c2e1b715892461fcbdaa57f6fc62f33a528c4886c8f55"
            ],
            "version": "==2.0.9"
        },
        "ptyprocess": {
            "hashes": [
                "sha256:923f299cc5ad920c68f2bc0bc98b75b9f838b93b599941a6b63ddbc2476394c0",
                "sha256:d7cc528d76e76342423ca640335bd3633420dc1366f258cb31d05e865ef5ca1f"
            ],
            "version": "==0.6.0"
        },
        "pygments": {
            "hashes": [
                "sha256:5ffada19f6203563680669ee7f53b64dabbeb100eb51b61996085e99c03b284a",
                "sha256:e8218dd399a61674745138520d0d4cf2621d7e032439341bc3f647bff125818d"
            ],
            "version": "==2.3.1"
        },
        "readme-renderer": {
            "hashes": [
                "sha256:bb16f55b259f27f75f640acf5e00cf897845a8b3e4731b5c1a436e4b8529202f",
                "sha256:c8532b79afc0375a85f10433eca157d6b50f7d6990f337fa498c96cd4bfc203d"
            ],
            "version": "==24.0"
        },
        "requests": {
            "hashes": [
                "sha256:502a824f31acdacb3a35b6690b5fbf0bc41d63a24a45c4004352b0242707598e",
                "sha256:7bf2a778576d825600030a110f3c0e3e8edc51dfaafe1c146e39a2027784957b"
            ],
            "version": "==2.21.0"
        },
        "requests-toolbelt": {
            "hashes": [
                "sha256:380606e1d10dc85c3bd47bf5a6095f815ec007be7a8b69c878507068df059e6f",
                "sha256:968089d4584ad4ad7c171454f0a5c6dac23971e9472521ea3b6d49d610aa6fc0"
            ],
            "version": "==0.9.1"
        },
        "six": {
            "hashes": [
                "sha256:3350809f0555b11f552448330d0b52d5f24c91a322ea4a15ef22629740f3761c",
                "sha256:d16a0141ec1a18405cd4ce8b4613101da75da0e9a7aec5bdd4fa804d0e0eba73"
            ],
            "version": "==1.12.0"
        },
        "tqdm": {
            "hashes": [
                "sha256:d385c95361699e5cf7622485d9b9eae2d4864b21cd5a2374a9c381ffed701021",
                "sha256:e22977e3ebe961f72362f6ddfb9197cc531c9737aaf5f607ef09740c849ecd05"
            ],
            "version": "==4.31.1"
        },
        "traitlets": {
            "hashes": [
                "sha256:9c4bd2d267b7153df9152698efb1050a5d84982d3384a37b2c1f7723ba3e7835",
                "sha256:c6cb5e6f57c5a9bdaa40fa71ce7b4af30298fbab9ece9815b5d995ab6217c7d9"
            ],
            "version": "==4.3.2"
        },
        "twine": {
            "hashes": [
                "sha256:0fb0bfa3df4f62076cab5def36b1a71a2e4acb4d1fa5c97475b048117b1a6446",
                "sha256:d6c29c933ecfc74e9b1d9fa13aa1f87c5d5770e119f5a4ce032092f0ff5b14dc"
            ],
            "index": "pypi",
            "version": "==1.13.0"
        },
        "urllib3": {
            "hashes": [
                "sha256:61bf29cada3fc2fbefad4fdf059ea4bd1b4a86d2b6d15e1c7c0b582b9752fe39",
                "sha256:de9529817c93f27c8ccbfead6985011db27bd0ddfcdb2d86f3f663385c6a9c22"
            ],
            "version": "==1.24.1"
        },
        "wcwidth": {
            "hashes": [
                "sha256:3df37372226d6e63e1b1e1eda15c594bca98a22d33a23832a90998faa96bc65e",
                "sha256:f4ebe71925af7b40a864553f761ed559b43544f8f71746c2d756c7fe788ade7c"
            ],
            "version": "==0.1.7"
        },
        "webencodings": {
            "hashes": [
                "sha256:a0af1213f3c2226497a97e2b3aa01a7e4bee4f403f95be16fc9acd2947514a78",
                "sha256:b36a1c245f2d304965eb4e0a82848379241dc04b865afcc4aab16748587e1923"
            ],
            "version": "==0.5.1"
        }
    }
}
